
Microsoft Visual Studio Solution File, Format Version 12.00
# Visual Studio 2015
Project("{FAE04EC0-301F-11D3-BF4B-00C04F79EFBC}") = "NavMeshComponents-master", "NavMeshComponents-master.csproj", "{090FE0AD-2CC0-490E-BF10-7FDABC8E17DC}"
EndProject
Project("{FAE04EC0-301F-11D3-BF4B-00C04F79EFBC}") = "NavMeshComponents-master.Editor", "NavMeshComponents-master.Editor.csproj", "{472FEE03-45BE-5149-FFA9-FAAB29A82382}"
EndProject
Global
	GlobalSection(SolutionConfigurationPlatforms) = preSolution
		Debug|Any CPU = Debug|Any CPU
		Release|Any CPU = Release|Any CPU
	EndGlobalSection
	GlobalSection(ProjectConfigurationPlatforms) = postSolution
		{090FE0AD-2CC0-490E-BF10-7FDABC8E17DC}.Debug|Any CPU.ActiveCfg = Debug|Any CPU
		{090FE0AD-2CC0-490E-BF10-7FDABC8E17DC}.Debug|Any CPU.Build.0 = Debug|Any CPU
		{090FE0AD-2CC0-490E-BF10-7FDABC8E17DC}.Release|Any CPU.ActiveCfg = Release|Any CPU
		{090FE0AD-2CC0-490E-BF10-7FDABC8E17DC}.Release|Any CPU.Build.0 = Release|Any CPU
		{472FEE03-45BE-5149-FFA9-FAAB29A82382}.Debug|Any CPU.ActiveCfg = Debug|Any CPU
		{472FEE03-45BE-5149-FFA9-FAAB29A82382}.Debug|Any CPU.Build.0 = Debug|Any CPU
		{472FEE03-45BE-5149-FFA9-FAAB29A82382}.Release|Any CPU.ActiveCfg = Release|Any CPU
		{472FEE03-45BE-5149-FFA9-FAAB29A82382}.Release|Any CPU.Build.0 = Release|Any CPU
	EndGlobalSection
	GlobalSection(SolutionProperties) = preSolution
		HideSolutionNode = FALSE
	EndGlobalSection
EndGlobal
