
Microsoft Visual Studio Solution File, Format Version 12.00
# Visual Studio 2017
Project("{FAE04EC0-301F-11D3-BF4B-00C04F79EFBC}") = "NavMesh Example Project", "NavMesh Example Project.csproj", "{227B37F8-5C0F-2D0A-A03A-A8C5887A43D0}"
EndProject
Project("{FAE04EC0-301F-11D3-BF4B-00C04F79EFBC}") = "NavMesh Example Project.Editor", "NavMesh Example Project.Editor.csproj", "{18C996A1-B94B-501D-833C-8E22C8AE383F}"
EndProject
Global
	GlobalSection(SolutionConfigurationPlatforms) = preSolution
		Debug|Any CPU = Debug|Any CPU
		Release|Any CPU = Release|Any CPU
	EndGlobalSection
	GlobalSection(ProjectConfigurationPlatforms) = postSolution
		{227B37F8-5C0F-2D0A-A03A-A8C5887A43D0}.Debug|Any CPU.ActiveCfg = Debug|Any CPU
		{227B37F8-5C0F-2D0A-A03A-A8C5887A43D0}.Debug|Any CPU.Build.0 = Debug|Any CPU
		{227B37F8-5C0F-2D0A-A03A-A8C5887A43D0}.Release|Any CPU.ActiveCfg = Release|Any CPU
		{227B37F8-5C0F-2D0A-A03A-A8C5887A43D0}.Release|Any CPU.Build.0 = Release|Any CPU
		{18C996A1-B94B-501D-833C-8E22C8AE383F}.Debug|Any CPU.ActiveCfg = Debug|Any CPU
		{18C996A1-B94B-501D-833C-8E22C8AE383F}.Debug|Any CPU.Build.0 = Debug|Any CPU
		{18C996A1-B94B-501D-833C-8E22C8AE383F}.Release|Any CPU.ActiveCfg = Release|Any CPU
		{18C996A1-B94B-501D-833C-8E22C8AE383F}.Release|Any CPU.Build.0 = Release|Any CPU
	EndGlobalSection
	GlobalSection(SolutionProperties) = preSolution
		HideSolutionNode = FALSE
	EndGlobalSection
EndGlobal
